
Microsoft Visual Studio Solution File, Format Version 12.00
# Visual Studio 15
VisualStudioVersion = 15.0.28307.329
MinimumVisualStudioVersion = 10.0.40219.1
Project("{FAE04EC0-301F-11D3-BF4B-00C04F79EFBC}") = "CodeWars", "CodeWars\CodeWars.csproj", "{B3CD8213-1DA9-49CE-AAE7-AA525BB4169D}"
EndProject
Project("{FAE04EC0-301F-11D3-BF4B-00C04F79EFBC}") = "NUnitTestProject1", "NUnitTestProject1\NUnitTestProject1.csproj", "{81DB0F58-54FC-468F-A320-E1CFECF6A395}"
EndProject
Global
	GlobalSection(SolutionConfigurationPlatforms) = preSolution
		Debug|Any CPU = Debug|Any CPU
		Release|Any CPU = Release|Any CPU
	EndGlobalSection
	GlobalSection(ProjectConfigurationPlatforms) = postSolution
		{B3CD8213-1DA9-49CE-AAE7-AA525BB4169D}.Debug|Any CPU.ActiveCfg = Debug|Any CPU
		{B3CD8213-1DA9-49CE-AAE7-AA525BB4169D}.Debug|Any CPU.Build.0 = Debug|Any CPU
		{B3CD8213-1DA9-49CE-AAE7-AA525BB4169D}.Release|Any CPU.ActiveCfg = Release|Any CPU
		{B3CD8213-1DA9-49CE-AAE7-AA525BB4169D}.Release|Any CPU.Build.0 = Release|Any CPU
		{81DB0F58-54FC-468F-A320-E1CFECF6A395}.Debug|Any CPU.ActiveCfg = Debug|Any CPU
		{81DB0F58-54FC-468F-A320-E1CFECF6A395}.Debug|Any CPU.Build.0 = Debug|Any CPU
		{81DB0F58-54FC-468F-A320-E1CFECF6A395}.Release|Any CPU.ActiveCfg = Release|Any CPU
		{81DB0F58-54FC-468F-A320-E1CFECF6A395}.Release|Any CPU.Build.0 = Release|Any CPU
	EndGlobalSection
	GlobalSection(SolutionProperties) = preSolution
		HideSolutionNode = FALSE
	EndGlobalSection
	GlobalSection(ExtensibilityGlobals) = postSolution
		SolutionGuid = {86B37527-6C09-48C2-8A27-9B46063AD436}
	EndGlobalSection
EndGlobal
